
Microsoft Visual Studio Solution File, Format Version 12.00
# Visual Studio Version 17
VisualStudioVersion = 17.0.32112.339
MinimumVisualStudioVersion = 10.0.40219.1
Project("{FAE04EC0-301F-11D3-BF4B-00C04F79EFBC}") = "46.Maths", "46.Maths.csproj", "{56760C57-E662-4D7D-ADD2-5C60681C8315}"
EndProject
Global
	GlobalSection(SolutionConfigurationPlatforms) = preSolution
		Debug|Any CPU = Debug|Any CPU
		Release|Any CPU = Release|Any CPU
	EndGlobalSection
	GlobalSection(ProjectConfigurationPlatforms) = postSolution
		{56760C57-E662-4D7D-ADD2-5C60681C8315}.Debug|Any CPU.ActiveCfg = Debug|Any CPU
		{56760C57-E662-4D7D-ADD2-5C60681C8315}.Debug|Any CPU.Build.0 = Debug|Any CPU
		{56760C57-E662-4D7D-ADD2-5C60681C8315}.Release|Any CPU.ActiveCfg = Release|Any CPU
		{56760C57-E662-4D7D-ADD2-5C60681C8315}.Release|Any CPU.Build.0 = Release|Any CPU
	EndGlobalSection
	GlobalSection(SolutionProperties) = preSolution
		HideSolutionNode = FALSE
	EndGlobalSection
	GlobalSection(ExtensibilityGlobals) = postSolution
		SolutionGuid = {B2036B91-E752-484E-9D11-A9765ABD6A9D}
	EndGlobalSection
EndGlobal
